
Microsoft Visual Studio Solution File, Format Version 12.00
# Visual Studio Version 16
VisualStudioVersion = 16.0.31005.135
MinimumVisualStudioVersion = 10.0.40219.1
Project("{9A19103F-16F7-4668-BE54-9A1E7A4F7556}") = "ProfileAPI-2", "ProfileAPI-2\ProfileAPI-2.csproj", "{94C4D3A1-210F-4DAF-B0DF-99F52076BA53}"
EndProject
Project("{9A19103F-16F7-4668-BE54-9A1E7A4F7556}") = "ProfileAPI-2.Tests", "ProfileAPI-2.Tests\ProfileAPI-2.Tests.csproj", "{C3E527EA-B18C-4A49-BF7C-5FE794B201EE}"
EndProject
Global
	GlobalSection(SolutionConfigurationPlatforms) = preSolution
		Debug|Any CPU = Debug|Any CPU
		Release|Any CPU = Release|Any CPU
	EndGlobalSection
	GlobalSection(ProjectConfigurationPlatforms) = postSolution
		{94C4D3A1-210F-4DAF-B0DF-99F52076BA53}.Debug|Any CPU.ActiveCfg = Debug|Any CPU
		{94C4D3A1-210F-4DAF-B0DF-99F52076BA53}.Debug|Any CPU.Build.0 = Debug|Any CPU
		{94C4D3A1-210F-4DAF-B0DF-99F52076BA53}.Release|Any CPU.ActiveCfg = Release|Any CPU
		{94C4D3A1-210F-4DAF-B0DF-99F52076BA53}.Release|Any CPU.Build.0 = Release|Any CPU
		{C3E527EA-B18C-4A49-BF7C-5FE794B201EE}.Debug|Any CPU.ActiveCfg = Debug|Any CPU
		{C3E527EA-B18C-4A49-BF7C-5FE794B201EE}.Debug|Any CPU.Build.0 = Debug|Any CPU
		{C3E527EA-B18C-4A49-BF7C-5FE794B201EE}.Release|Any CPU.ActiveCfg = Release|Any CPU
		{C3E527EA-B18C-4A49-BF7C-5FE794B201EE}.Release|Any CPU.Build.0 = Release|Any CPU
	EndGlobalSection
	GlobalSection(SolutionProperties) = preSolution
		HideSolutionNode = FALSE
	EndGlobalSection
	GlobalSection(ExtensibilityGlobals) = postSolution
		SolutionGuid = {8C83F637-2E4B-4C2F-89E0-B09986656747}
	EndGlobalSection
EndGlobal
